{
  "originHash" : "d8a4eacb176be3789e4fde9aa09c3bf4ec4165a38f8eb6ea86c7977143509823",
  "pins" : [
    {
      "identity" : "wwextensions.swift",
      "kind" : "remoteSourceControl",
      "location" : "https://github.com/sunimp/WWExtensions.Swift.git",
      "state" : {
        "revision" : "28bcc6bf8ea72559783b449c769c947c34ac2667",
        "version" : "1.0.8"
      }
    }
  ],
  "version" : 3
}
