{
  "object": {
    "pins": [
      {
        "package": "HsExtensions.Swift",
        "repositoryURL": "https://github.com/horizontalsystems/HsExtensions.Swift.git",
        "state": {
          "branch": null,
          "revision": "360db9624dcf720452ccf11c421cd0fb4f5be6b2",
          "version": "1.0.3"
        }
      }
    ]
  },
  "version": 1
}
